// !$*UTF8*$!
{
	archiveVersion = 1;
	classes = {
	};
	objectVersion = 56;
	objects = {

/* Begin PBXBuildFile section */
		1F7F87083E2DCAA60D4C19AC /* Pods_Unspash.framework in Frameworks */ = {isa = PBXBuildFile; fileRef = 9FD50BE8B8E222DC07F56AD0 /* Pods_Unspash.framework */; };
		500DDA492927FB7E0057FB75 /* AppDelegate.swift in Sources */ = {isa = PBXBuildFile; fileRef = 500DDA482927FB7E0057FB75 /* AppDelegate.swift */; };
		500DDA4B2927FB7E0057FB75 /* SceneDelegate.swift in Sources */ = {isa = PBXBuildFile; fileRef = 500DDA4A2927FB7E0057FB75 /* SceneDelegate.swift */; };
		500DDA4D2927FB7E0057FB75 /* TabBarController.swift in Sources */ = {isa = PBXBuildFile; fileRef = 500DDA4C2927FB7E0057FB75 /* TabBarController.swift */; };
		500DDA522927FB800057FB75 /* Assets.xcassets in Resources */ = {isa = PBXBuildFile; fileRef = 500DDA512927FB800057FB75 /* Assets.xcassets */; };
		500DDA552927FB800057FB75 /* LaunchScreen.storyboard in Resources */ = {isa = PBXBuildFile; fileRef = 500DDA532927FB800057FB75 /* LaunchScreen.storyboard */; };
		5015766A292A7D6300FA9C65 /* FavoriteCell.swift in Sources */ = {isa = PBXBuildFile; fileRef = 50157669292A7D6300FA9C65 /* FavoriteCell.swift */; };
		5015766C292A9F6800FA9C65 /* FavoritePhotoManager.swift in Sources */ = {isa = PBXBuildFile; fileRef = 5015766B292A9F6800FA9C65 /* FavoritePhotoManager.swift */; };
		502722F9292840AA00F1ED50 /* Constants.swift in Sources */ = {isa = PBXBuildFile; fileRef = 502722F8292840AA00F1ED50 /* Constants.swift */; };
		505EE82829280453005B0DC0 /* MainContract.swift in Sources */ = {isa = PBXBuildFile; fileRef = 505EE82329280453005B0DC0 /* MainContract.swift */; };
		505EE82929280453005B0DC0 /* MainPresenter.swift in Sources */ = {isa = PBXBuildFile; fileRef = 505EE82429280453005B0DC0 /* MainPresenter.swift */; };
		505EE82A29280453005B0DC0 /* MainRouter.swift in Sources */ = {isa = PBXBuildFile; fileRef = 505EE82529280453005B0DC0 /* MainRouter.swift */; };
		505EE82B29280453005B0DC0 /* MainViewController.swift in Sources */ = {isa = PBXBuildFile; fileRef = 505EE82629280453005B0DC0 /* MainViewController.swift */; };
		505EE82C29280453005B0DC0 /* MainInteractor.swift in Sources */ = {isa = PBXBuildFile; fileRef = 505EE82729280453005B0DC0 /* MainInteractor.swift */; };
		505EE8322928046A005B0DC0 /* FavoriteContract.swift in Sources */ = {isa = PBXBuildFile; fileRef = 505EE82D2928046A005B0DC0 /* FavoriteContract.swift */; };
		505EE8332928046A005B0DC0 /* FavoritePresenter.swift in Sources */ = {isa = PBXBuildFile; fileRef = 505EE82E2928046A005B0DC0 /* FavoritePresenter.swift */; };
		505EE8342928046A005B0DC0 /* FavoriteRouter.swift in Sources */ = {isa = PBXBuildFile; fileRef = 505EE82F2928046A005B0DC0 /* FavoriteRouter.swift */; };
		505EE8352928046A005B0DC0 /* FavoriteViewController.swift in Sources */ = {isa = PBXBuildFile; fileRef = 505EE8302928046A005B0DC0 /* FavoriteViewController.swift */; };
		505EE8362928046A005B0DC0 /* FavoriteInteractor.swift in Sources */ = {isa = PBXBuildFile; fileRef = 505EE8312928046A005B0DC0 /* FavoriteInteractor.swift */; };
		5083C88C29290AF100DCFCCE /* CollectionView.swift in Sources */ = {isa = PBXBuildFile; fileRef = 5083C88B29290AF100DCFCCE /* CollectionView.swift */; };
		5083C88E29290B2900DCFCCE /* SearchBar.swift in Sources */ = {isa = PBXBuildFile; fileRef = 5083C88D29290B2900DCFCCE /* SearchBar.swift */; };
		5083C89429290ED800DCFCCE /* DetailContract.swift in Sources */ = {isa = PBXBuildFile; fileRef = 5083C88F29290ED800DCFCCE /* DetailContract.swift */; };
		5083C89529290ED800DCFCCE /* DetailPresenter.swift in Sources */ = {isa = PBXBuildFile; fileRef = 5083C89029290ED800DCFCCE /* DetailPresenter.swift */; };
		5083C89629290ED800DCFCCE /* DetailRouter.swift in Sources */ = {isa = PBXBuildFile; fileRef = 5083C89129290ED800DCFCCE /* DetailRouter.swift */; };
		5083C89729290ED800DCFCCE /* DetailViewController.swift in Sources */ = {isa = PBXBuildFile; fileRef = 5083C89229290ED800DCFCCE /* DetailViewController.swift */; };
		5083C89829290ED800DCFCCE /* DetailInteractor.swift in Sources */ = {isa = PBXBuildFile; fileRef = 5083C89329290ED800DCFCCE /* DetailInteractor.swift */; };
		50A165DD292968E000AC5AD4 /* FirebaseAnalytics in Frameworks */ = {isa = PBXBuildFile; productRef = 50A165DC292968E000AC5AD4 /* FirebaseAnalytics */; };
		50A165DF292968E000AC5AD4 /* FirebaseAnalyticsSwift in Frameworks */ = {isa = PBXBuildFile; productRef = 50A165DE292968E000AC5AD4 /* FirebaseAnalyticsSwift */; };
		50A165E1292968E000AC5AD4 /* FirebaseAuth in Frameworks */ = {isa = PBXBuildFile; productRef = 50A165E0292968E000AC5AD4 /* FirebaseAuth */; };
		50A165E3292968E000AC5AD4 /* FirebaseDatabase in Frameworks */ = {isa = PBXBuildFile; productRef = 50A165E2292968E000AC5AD4 /* FirebaseDatabase */; };
		50A165E5292968E000AC5AD4 /* FirebaseDatabaseSwift in Frameworks */ = {isa = PBXBuildFile; productRef = 50A165E4292968E000AC5AD4 /* FirebaseDatabaseSwift */; };
		50A165E7292968E000AC5AD4 /* FirebaseFirestore in Frameworks */ = {isa = PBXBuildFile; productRef = 50A165E6292968E000AC5AD4 /* FirebaseFirestore */; };
		50A165E9292968E000AC5AD4 /* FirebaseFirestoreSwift in Frameworks */ = {isa = PBXBuildFile; productRef = 50A165E8292968E000AC5AD4 /* FirebaseFirestoreSwift */; };
		50A165EB292968E000AC5AD4 /* FirebaseRemoteConfig in Frameworks */ = {isa = PBXBuildFile; productRef = 50A165EA292968E000AC5AD4 /* FirebaseRemoteConfig */; };
		50A165ED292968E000AC5AD4 /* FirebaseStorage in Frameworks */ = {isa = PBXBuildFile; productRef = 50A165EC292968E000AC5AD4 /* FirebaseStorage */; };
		50A165EF29296EB300AC5AD4 /* GoogleService-Info.plist in Resources */ = {isa = PBXBuildFile; fileRef = 50A165EE29296EB300AC5AD4 /* GoogleService-Info.plist */; };
		50A165F129296FD900AC5AD4 /* FirebaseService.swift in Sources */ = {isa = PBXBuildFile; fileRef = 50A165F029296FD900AC5AD4 /* FirebaseService.swift */; };
		50BFE44929281CF000ABD125 /* MainCell.swift in Sources */ = {isa = PBXBuildFile; fileRef = 50BFE44829281CF000ABD125 /* MainCell.swift */; };
		50BFE44C292822E800ABD125 /* APIService.swift in Sources */ = {isa = PBXBuildFile; fileRef = 50BFE44B292822E800ABD125 /* APIService.swift */; };
		50BFE4502928258B00ABD125 /* DataModel.swift in Sources */ = {isa = PBXBuildFile; fileRef = 50BFE44F2928258B00ABD125 /* DataModel.swift */; };
		50BFE45429282FCC00ABD125 /* .swiftlint.yml in Resources */ = {isa = PBXBuildFile; fileRef = 50BFE45329282FCC00ABD125 /* .swiftlint.yml */; };
/* End PBXBuildFile section */

/* Begin PBXFileReference section */
		0B99F9BBE1A5606E9E9BAD14 /* Pods-Unspash.release.xcconfig */ = {isa = PBXFileReference; includeInIndex = 1; lastKnownFileType = text.xcconfig; name = "Pods-Unspash.release.xcconfig"; path = "Target Support Files/Pods-Unspash/Pods-Unspash.release.xcconfig"; sourceTree = "<group>"; };
		500DDA452927FB7E0057FB75 /* Unspash.app */ = {isa = PBXFileReference; explicitFileType = wrapper.application; includeInIndex = 0; path = Unspash.app; sourceTree = BUILT_PRODUCTS_DIR; };
		500DDA482927FB7E0057FB75 /* AppDelegate.swift */ = {isa = PBXFileReference; lastKnownFileType = sourcecode.swift; path = AppDelegate.swift; sourceTree = "<group>"; };
		500DDA4A2927FB7E0057FB75 /* SceneDelegate.swift */ = {isa = PBXFileReference; lastKnownFileType = sourcecode.swift; path = SceneDelegate.swift; sourceTree = "<group>"; };
		500DDA4C2927FB7E0057FB75 /* TabBarController.swift */ = {isa = PBXFileReference; lastKnownFileType = sourcecode.swift; path = TabBarController.swift; sourceTree = "<group>"; };
		500DDA512927FB800057FB75 /* Assets.xcassets */ = {isa = PBXFileReference; lastKnownFileType = folder.assetcatalog; path = Assets.xcassets; sourceTree = "<group>"; };
		500DDA542927FB800057FB75 /* Base */ = {isa = PBXFileReference; lastKnownFileType = file.storyboard; name = Base; path = Base.lproj/LaunchScreen.storyboard; sourceTree = "<group>"; };
		500DDA562927FB800057FB75 /* Info.plist */ = {isa = PBXFileReference; lastKnownFileType = text.plist.xml; path = Info.plist; sourceTree = "<group>"; };
		50157669292A7D6300FA9C65 /* FavoriteCell.swift */ = {isa = PBXFileReference; lastKnownFileType = sourcecode.swift; path = FavoriteCell.swift; sourceTree = "<group>"; };
		5015766B292A9F6800FA9C65 /* FavoritePhotoManager.swift */ = {isa = PBXFileReference; lastKnownFileType = sourcecode.swift; path = FavoritePhotoManager.swift; sourceTree = "<group>"; };
		502722F8292840AA00F1ED50 /* Constants.swift */ = {isa = PBXFileReference; lastKnownFileType = sourcecode.swift; path = Constants.swift; sourceTree = "<group>"; };
		505EE82329280453005B0DC0 /* MainContract.swift */ = {isa = PBXFileReference; lastKnownFileType = sourcecode.swift; path = MainContract.swift; sourceTree = "<group>"; };
		505EE82429280453005B0DC0 /* MainPresenter.swift */ = {isa = PBXFileReference; lastKnownFileType = sourcecode.swift; path = MainPresenter.swift; sourceTree = "<group>"; };
		505EE82529280453005B0DC0 /* MainRouter.swift */ = {isa = PBXFileReference; lastKnownFileType = sourcecode.swift; path = MainRouter.swift; sourceTree = "<group>"; };
		505EE82629280453005B0DC0 /* MainViewController.swift */ = {isa = PBXFileReference; lastKnownFileType = sourcecode.swift; path = MainViewController.swift; sourceTree = "<group>"; };
		505EE82729280453005B0DC0 /* MainInteractor.swift */ = {isa = PBXFileReference; lastKnownFileType = sourcecode.swift; path = MainInteractor.swift; sourceTree = "<group>"; };
		505EE82D2928046A005B0DC0 /* FavoriteContract.swift */ = {isa = PBXFileReference; lastKnownFileType = sourcecode.swift; path = FavoriteContract.swift; sourceTree = "<group>"; };
		505EE82E2928046A005B0DC0 /* FavoritePresenter.swift */ = {isa = PBXFileReference; lastKnownFileType = sourcecode.swift; path = FavoritePresenter.swift; sourceTree = "<group>"; };
		505EE82F2928046A005B0DC0 /* FavoriteRouter.swift */ = {isa = PBXFileReference; lastKnownFileType = sourcecode.swift; path = FavoriteRouter.swift; sourceTree = "<group>"; };
		505EE8302928046A005B0DC0 /* FavoriteViewController.swift */ = {isa = PBXFileReference; lastKnownFileType = sourcecode.swift; path = FavoriteViewController.swift; sourceTree = "<group>"; };
		505EE8312928046A005B0DC0 /* FavoriteInteractor.swift */ = {isa = PBXFileReference; lastKnownFileType = sourcecode.swift; path = FavoriteInteractor.swift; sourceTree = "<group>"; };
		5083C88B29290AF100DCFCCE /* CollectionView.swift */ = {isa = PBXFileReference; lastKnownFileType = sourcecode.swift; path = CollectionView.swift; sourceTree = "<group>"; };
		5083C88D29290B2900DCFCCE /* SearchBar.swift */ = {isa = PBXFileReference; lastKnownFileType = sourcecode.swift; path = SearchBar.swift; sourceTree = "<group>"; };
		5083C88F29290ED800DCFCCE /* DetailContract.swift */ = {isa = PBXFileReference; lastKnownFileType = sourcecode.swift; path = DetailContract.swift; sourceTree = "<group>"; };
		5083C89029290ED800DCFCCE /* DetailPresenter.swift */ = {isa = PBXFileReference; lastKnownFileType = sourcecode.swift; path = DetailPresenter.swift; sourceTree = "<group>"; };
		5083C89129290ED800DCFCCE /* DetailRouter.swift */ = {isa = PBXFileReference; lastKnownFileType = sourcecode.swift; path = DetailRouter.swift; sourceTree = "<group>"; };
		5083C89229290ED800DCFCCE /* DetailViewController.swift */ = {isa = PBXFileReference; lastKnownFileType = sourcecode.swift; path = DetailViewController.swift; sourceTree = "<group>"; };
		5083C89329290ED800DCFCCE /* DetailInteractor.swift */ = {isa = PBXFileReference; lastKnownFileType = sourcecode.swift; path = DetailInteractor.swift; sourceTree = "<group>"; };
		50A165EE29296EB300AC5AD4 /* GoogleService-Info.plist */ = {isa = PBXFileReference; fileEncoding = 4; lastKnownFileType = text.plist.xml; name = "GoogleService-Info.plist"; path = "../../../Downloads/GoogleService-Info.plist"; sourceTree = "<group>"; };
		50A165F029296FD900AC5AD4 /* FirebaseService.swift */ = {isa = PBXFileReference; lastKnownFileType = sourcecode.swift; path = FirebaseService.swift; sourceTree = "<group>"; };
		50BFE44829281CF000ABD125 /* MainCell.swift */ = {isa = PBXFileReference; lastKnownFileType = sourcecode.swift; path = MainCell.swift; sourceTree = "<group>"; };
		50BFE44B292822E800ABD125 /* APIService.swift */ = {isa = PBXFileReference; lastKnownFileType = sourcecode.swift; path = APIService.swift; sourceTree = "<group>"; };
		50BFE44F2928258B00ABD125 /* DataModel.swift */ = {isa = PBXFileReference; lastKnownFileType = sourcecode.swift; path = DataModel.swift; sourceTree = "<group>"; };
		50BFE45329282FCC00ABD125 /* .swiftlint.yml */ = {isa = PBXFileReference; lastKnownFileType = text.yaml; path = .swiftlint.yml; sourceTree = "<group>"; };
		9FD50BE8B8E222DC07F56AD0 /* Pods_Unspash.framework */ = {isa = PBXFileReference; explicitFileType = wrapper.framework; includeInIndex = 0; path = Pods_Unspash.framework; sourceTree = BUILT_PRODUCTS_DIR; };
		E0F4AC0387C22358CCE3D1BC /* Pods-Unspash.debug.xcconfig */ = {isa = PBXFileReference; includeInIndex = 1; lastKnownFileType = text.xcconfig; name = "Pods-Unspash.debug.xcconfig"; path = "Target Support Files/Pods-Unspash/Pods-Unspash.debug.xcconfig"; sourceTree = "<group>"; };
/* End PBXFileReference section */

/* Begin PBXFrameworksBuildPhase section */
		500DDA422927FB7E0057FB75 /* Frameworks */ = {
			isa = PBXFrameworksBuildPhase;
			buildActionMask = 2147483647;
			files = (
				50A165EB292968E000AC5AD4 /* FirebaseRemoteConfig in Frameworks */,
				50A165E5292968E000AC5AD4 /* FirebaseDatabaseSwift in Frameworks */,
				50A165E3292968E000AC5AD4 /* FirebaseDatabase in Frameworks */,
				50A165ED292968E000AC5AD4 /* FirebaseStorage in Frameworks */,
				50A165DF292968E000AC5AD4 /* FirebaseAnalyticsSwift in Frameworks */,
				50A165DD292968E000AC5AD4 /* FirebaseAnalytics in Frameworks */,
				1F7F87083E2DCAA60D4C19AC /* Pods_Unspash.framework in Frameworks */,
				50A165E1292968E000AC5AD4 /* FirebaseAuth in Frameworks */,
				50A165E7292968E000AC5AD4 /* FirebaseFirestore in Frameworks */,
				50A165E9292968E000AC5AD4 /* FirebaseFirestoreSwift in Frameworks */,
			);
			runOnlyForDeploymentPostprocessing = 0;
		};
/* End PBXFrameworksBuildPhase section */

/* Begin PBXGroup section */
		133ACC3E96DC7545E9BE1466 /* Pods */ = {
			isa = PBXGroup;
			children = (
				E0F4AC0387C22358CCE3D1BC /* Pods-Unspash.debug.xcconfig */,
				0B99F9BBE1A5606E9E9BAD14 /* Pods-Unspash.release.xcconfig */,
			);
			path = Pods;
			sourceTree = "<group>";
		};
		500DDA3C2927FB7E0057FB75 = {
			isa = PBXGroup;
			children = (
				50BFE45329282FCC00ABD125 /* .swiftlint.yml */,
				500DDA472927FB7E0057FB75 /* Unspash */,
				500DDA462927FB7E0057FB75 /* Products */,
				133ACC3E96DC7545E9BE1466 /* Pods */,
				86A6D48650A7C296996CFAC4 /* Frameworks */,
			);
			sourceTree = "<group>";
		};
		500DDA462927FB7E0057FB75 /* Products */ = {
			isa = PBXGroup;
			children = (
				500DDA452927FB7E0057FB75 /* Unspash.app */,
			);
			name = Products;
			sourceTree = "<group>";
		};
		500DDA472927FB7E0057FB75 /* Unspash */ = {
			isa = PBXGroup;
			children = (
				50A165EE29296EB300AC5AD4 /* GoogleService-Info.plist */,
				50BFE44A292822BC00ABD125 /* Service */,
				505EE82029280289005B0DC0 /* Modules */,
				505EE81F29280282005B0DC0 /* Sources */,
				505EE81E29280278005B0DC0 /* Helpers */,
			);
			path = Unspash;
			sourceTree = "<group>";
		};
		505EE81E29280278005B0DC0 /* Helpers */ = {
			isa = PBXGroup;
			children = (
				500DDA562927FB800057FB75 /* Info.plist */,
				500DDA532927FB800057FB75 /* LaunchScreen.storyboard */,
				500DDA512927FB800057FB75 /* Assets.xcassets */,
				502722F8292840AA00F1ED50 /* Constants.swift */,
			);
			path = Helpers;
			sourceTree = "<group>";
		};
		505EE81F29280282005B0DC0 /* Sources */ = {
			isa = PBXGroup;
			children = (
				500DDA4C2927FB7E0057FB75 /* TabBarController.swift */,
				500DDA4A2927FB7E0057FB75 /* SceneDelegate.swift */,
				500DDA482927FB7E0057FB75 /* AppDelegate.swift */,
			);
			path = Sources;
			sourceTree = "<group>";
		};
		505EE82029280289005B0DC0 /* Modules */ = {
			isa = PBXGroup;
			children = (
				50A165F229297F3600AC5AD4 /* Detail */,
				505EE822292803EC005B0DC0 /* Main */,
				505EE821292803D8005B0DC0 /* Favorite */,
			);
			path = Modules;
			sourceTree = "<group>";
		};
		505EE821292803D8005B0DC0 /* Favorite */ = {
			isa = PBXGroup;
			children = (
				505EE82D2928046A005B0DC0 /* FavoriteContract.swift */,
				505EE82E2928046A005B0DC0 /* FavoritePresenter.swift */,
				505EE82F2928046A005B0DC0 /* FavoriteRouter.swift */,
				505EE8302928046A005B0DC0 /* FavoriteViewController.swift */,
				505EE8312928046A005B0DC0 /* FavoriteInteractor.swift */,
				50157669292A7D6300FA9C65 /* FavoriteCell.swift */,
			);
			path = Favorite;
			sourceTree = "<group>";
		};
		505EE822292803EC005B0DC0 /* Main */ = {
			isa = PBXGroup;
			children = (
				5083C88A29290ACD00DCFCCE /* Extensions */,
				50BFE44829281CF000ABD125 /* MainCell.swift */,
				505EE82329280453005B0DC0 /* MainContract.swift */,
				505EE82429280453005B0DC0 /* MainPresenter.swift */,
				505EE82529280453005B0DC0 /* MainRouter.swift */,
				505EE82629280453005B0DC0 /* MainViewController.swift */,
				505EE82729280453005B0DC0 /* MainInteractor.swift */,
			);
			path = Main;
			sourceTree = "<group>";
		};
		5083C88A29290ACD00DCFCCE /* Extensions */ = {
			isa = PBXGroup;
			children = (
				5083C88B29290AF100DCFCCE /* CollectionView.swift */,
				5083C88D29290B2900DCFCCE /* SearchBar.swift */,
			);
			path = Extensions;
			sourceTree = "<group>";
		};
		50A165F229297F3600AC5AD4 /* Detail */ = {
			isa = PBXGroup;
			children = (
				5083C89329290ED800DCFCCE /* DetailInteractor.swift */,
				5083C89229290ED800DCFCCE /* DetailViewController.swift */,
				5083C89129290ED800DCFCCE /* DetailRouter.swift */,
				5083C89029290ED800DCFCCE /* DetailPresenter.swift */,
				5083C88F29290ED800DCFCCE /* DetailContract.swift */,
			);
			path = Detail;
			sourceTree = "<group>";
		};
		50BFE44A292822BC00ABD125 /* Service */ = {
			isa = PBXGroup;
			children = (
				50BFE44B292822E800ABD125 /* APIService.swift */,
				50BFE44F2928258B00ABD125 /* DataModel.swift */,
				50A165F029296FD900AC5AD4 /* FirebaseService.swift */,
				5015766B292A9F6800FA9C65 /* FavoritePhotoManager.swift */,
			);
			path = Service;
			sourceTree = "<group>";
		};
		86A6D48650A7C296996CFAC4 /* Frameworks */ = {
			isa = PBXGroup;
			children = (
				9FD50BE8B8E222DC07F56AD0 /* Pods_Unspash.framework */,
			);
			name = Frameworks;
			sourceTree = "<group>";
		};
/* End PBXGroup section */

/* Begin PBXNativeTarget section */
		500DDA442927FB7E0057FB75 /* Unspash */ = {
			isa = PBXNativeTarget;
			buildConfigurationList = 500DDA592927FB800057FB75 /* Build configuration list for PBXNativeTarget "Unspash" */;
			buildPhases = (
				A0E4CDD84F15509E19555E33 /* [CP] Check Pods Manifest.lock */,
				500DDA412927FB7E0057FB75 /* Sources */,
				500DDA422927FB7E0057FB75 /* Frameworks */,
				500DDA432927FB7E0057FB75 /* Resources */,
				504887632928067200D4AB56 /* ShellScript */,
				021DD63913F575F27262DB33 /* [CP] Embed Pods Frameworks */,
			);
			buildRules = (
			);
			dependencies = (
			);
			name = Unspash;
			packageProductDependencies = (
				50A165DC292968E000AC5AD4 /* FirebaseAnalytics */,
				50A165DE292968E000AC5AD4 /* FirebaseAnalyticsSwift */,
				50A165E0292968E000AC5AD4 /* FirebaseAuth */,
				50A165E2292968E000AC5AD4 /* FirebaseDatabase */,
				50A165E4292968E000AC5AD4 /* FirebaseDatabaseSwift */,
				50A165E6292968E000AC5AD4 /* FirebaseFirestore */,
				50A165E8292968E000AC5AD4 /* FirebaseFirestoreSwift */,
				50A165EA292968E000AC5AD4 /* FirebaseRemoteConfig */,
				50A165EC292968E000AC5AD4 /* FirebaseStorage */,
			);
			productName = Unspash;
			productReference = 500DDA452927FB7E0057FB75 /* Unspash.app */;
			productType = "com.apple.product-type.application";
		};
/* End PBXNativeTarget section */

/* Begin PBXProject section */
		500DDA3D2927FB7E0057FB75 /* Project object */ = {
			isa = PBXProject;
			attributes = {
				BuildIndependentTargetsInParallel = 1;
				LastSwiftUpdateCheck = 1410;
				LastUpgradeCheck = 1410;
				TargetAttributes = {
					500DDA442927FB7E0057FB75 = {
						CreatedOnToolsVersion = 14.1;
					};
				};
			};
			buildConfigurationList = 500DDA402927FB7E0057FB75 /* Build configuration list for PBXProject "Unspash" */;
			compatibilityVersion = "Xcode 14.0";
			developmentRegion = en;
			hasScannedForEncodings = 0;
			knownRegions = (
				en,
				Base,
			);
			mainGroup = 500DDA3C2927FB7E0057FB75;
			packageReferences = (
				50A165DB292968E000AC5AD4 /* XCRemoteSwiftPackageReference "firebase-ios-sdk" */,
			);
			productRefGroup = 500DDA462927FB7E0057FB75 /* Products */;
			projectDirPath = "";
			projectRoot = "";
			targets = (
				500DDA442927FB7E0057FB75 /* Unspash */,
			);
		};
/* End PBXProject section */

/* Begin PBXResourcesBuildPhase section */
		500DDA432927FB7E0057FB75 /* Resources */ = {
			isa = PBXResourcesBuildPhase;
			buildActionMask = 2147483647;
			files = (
				50BFE45429282FCC00ABD125 /* .swiftlint.yml in Resources */,
				50A165EF29296EB300AC5AD4 /* GoogleService-Info.plist in Resources */,
				500DDA552927FB800057FB75 /* LaunchScreen.storyboard in Resources */,
				500DDA522927FB800057FB75 /* Assets.xcassets in Resources */,
			);
			runOnlyForDeploymentPostprocessing = 0;
		};
/* End PBXResourcesBuildPhase section */

/* Begin PBXShellScriptBuildPhase section */
		021DD63913F575F27262DB33 /* [CP] Embed Pods Frameworks */ = {
			isa = PBXShellScriptBuildPhase;
			buildActionMask = 2147483647;
			files = (
			);
			inputFileListPaths = (
				"${PODS_ROOT}/Target Support Files/Pods-Unspash/Pods-Unspash-frameworks-${CONFIGURATION}-input-files.xcfilelist",
			);
			name = "[CP] Embed Pods Frameworks";
			outputFileListPaths = (
				"${PODS_ROOT}/Target Support Files/Pods-Unspash/Pods-Unspash-frameworks-${CONFIGURATION}-output-files.xcfilelist",
			);
			runOnlyForDeploymentPostprocessing = 0;
			shellPath = /bin/sh;
			shellScript = "\"${PODS_ROOT}/Target Support Files/Pods-Unspash/Pods-Unspash-frameworks.sh\"\n";
			showEnvVarsInLog = 0;
		};
		504887632928067200D4AB56 /* ShellScript */ = {
			isa = PBXShellScriptBuildPhase;
			buildActionMask = 2147483647;
			files = (
			);
			inputFileListPaths = (
			);
			inputPaths = (
			);
			outputFileListPaths = (
			);
			outputPaths = (
			);
			runOnlyForDeploymentPostprocessing = 0;
			shellPath = /bin/sh;
			shellScript = "SWIFT_LINT=/usr/local/bin/swiftlint\n\nif [[ -e \"${SWIFT_LINT}\" ]]; then\n    echo \"[I] Found SwiftLint at ${SWIFT_LINT}\"\nelse\n    echo \"[!] Local SwiftLint not found at ${SWIFT_LINT}\"\n    export SWIFT_LINT=${PWD}/Pods/SwiftLint/swiftlint\n    echo \"[I] Try to using SwiftLint from cocoapods at ${SWIFT_LINT}\"\nfi\n\nif [[ ! -e \"${SWIFT_LINT}\" ]]; then\n    echo \"[!] SwifLint is not installed.\"\n    echo \"[!] Expected location is '${SWIFT_LINT}'\"\n    echo \"[!] Please install it. eg. 'brew install swiftlint'\"\n    exit 1\nfi\n\necho \"[I] SwiftLint version: $(${SWIFT_LINT} version)\"\n\ngit ls-files --other --modified --exclude-standard -- \"*.swift\" | while read filename; do\n    $SWIFT_LINT lint --path \"$filename\";\n    $SWIFT_LINT autocorrect --path \"$filename\";\ndone\n";
		};
		A0E4CDD84F15509E19555E33 /* [CP] Check Pods Manifest.lock */ = {
			isa = PBXShellScriptBuildPhase;
			buildActionMask = 2147483647;
			files = (
			);
			inputFileListPaths = (
			);
			inputPaths = (
				"${PODS_PODFILE_DIR_PATH}/Podfile.lock",
				"${PODS_ROOT}/Manifest.lock",
			);
			name = "[CP] Check Pods Manifest.lock";
			outputFileListPaths = (
			);
			outputPaths = (
				"$(DERIVED_FILE_DIR)/Pods-Unspash-checkManifestLockResult.txt",
			);
			runOnlyForDeploymentPostprocessing = 0;
			shellPath = /bin/sh;
			shellScript = "diff \"${PODS_PODFILE_DIR_PATH}/Podfile.lock\" \"${PODS_ROOT}/Manifest.lock\" > /dev/null\nif [ $? != 0 ] ; then\n    # print error to STDERR\n    echo \"error: The sandbox is not in sync with the Podfile.lock. Run 'pod install' or update your CocoaPods installation.\" >&2\n    exit 1\nfi\n# This output is used by Xcode 'outputs' to avoid re-running this script phase.\necho \"SUCCESS\" > \"${SCRIPT_OUTPUT_FILE_0}\"\n";
			showEnvVarsInLog = 0;
		};
/* End PBXShellScriptBuildPhase section */

/* Begin PBXSourcesBuildPhase section */
		500DDA412927FB7E0057FB75 /* Sources */ = {
			isa = PBXSourcesBuildPhase;
			buildActionMask = 2147483647;
			files = (
				5083C89429290ED800DCFCCE /* DetailContract.swift in Sources */,
				5083C89629290ED800DCFCCE /* DetailRouter.swift in Sources */,
				5083C89729290ED800DCFCCE /* DetailViewController.swift in Sources */,
				5083C88C29290AF100DCFCCE /* CollectionView.swift in Sources */,
				505EE8362928046A005B0DC0 /* FavoriteInteractor.swift in Sources */,
				502722F9292840AA00F1ED50 /* Constants.swift in Sources */,
				50BFE44C292822E800ABD125 /* APIService.swift in Sources */,
				5083C89529290ED800DCFCCE /* DetailPresenter.swift in Sources */,
				505EE82B29280453005B0DC0 /* MainViewController.swift in Sources */,
				505EE82929280453005B0DC0 /* MainPresenter.swift in Sources */,
				505EE8332928046A005B0DC0 /* FavoritePresenter.swift in Sources */,
				505EE82829280453005B0DC0 /* MainContract.swift in Sources */,
				505EE8342928046A005B0DC0 /* FavoriteRouter.swift in Sources */,
				5015766A292A7D6300FA9C65 /* FavoriteCell.swift in Sources */,
				500DDA4D2927FB7E0057FB75 /* TabBarController.swift in Sources */,
				505EE8322928046A005B0DC0 /* FavoriteContract.swift in Sources */,
				5083C89829290ED800DCFCCE /* DetailInteractor.swift in Sources */,
				50A165F129296FD900AC5AD4 /* FirebaseService.swift in Sources */,
				500DDA492927FB7E0057FB75 /* AppDelegate.swift in Sources */,
				50BFE44929281CF000ABD125 /* MainCell.swift in Sources */,
				500DDA4B2927FB7E0057FB75 /* SceneDelegate.swift in Sources */,
				505EE82A29280453005B0DC0 /* MainRouter.swift in Sources */,
				5083C88E29290B2900DCFCCE /* SearchBar.swift in Sources */,
				50BFE4502928258B00ABD125 /* DataModel.swift in Sources */,
				5015766C292A9F6800FA9C65 /* FavoritePhotoManager.swift in Sources */,
				505EE8352928046A005B0DC0 /* FavoriteViewController.swift in Sources */,
				505EE82C29280453005B0DC0 /* MainInteractor.swift in Sources */,
			);
			runOnlyForDeploymentPostprocessing = 0;
		};
/* End PBXSourcesBuildPhase section */

/* Begin PBXVariantGroup section */
		500DDA532927FB800057FB75 /* LaunchScreen.storyboard */ = {
			isa = PBXVariantGroup;
			children = (
				500DDA542927FB800057FB75 /* Base */,
			);
			name = LaunchScreen.storyboard;
			sourceTree = "<group>";
		};
/* End PBXVariantGroup section */

/* Begin XCBuildConfiguration section */
		500DDA572927FB800057FB75 /* Debug */ = {
			isa = XCBuildConfiguration;
			buildSettings = {
				ALWAYS_SEARCH_USER_PATHS = NO;
				CLANG_ANALYZER_NONNULL = YES;
				CLANG_ANALYZER_NUMBER_OBJECT_CONVERSION = YES_AGGRESSIVE;
				CLANG_CXX_LANGUAGE_STANDARD = "gnu++20";
				CLANG_ENABLE_MODULES = YES;
				CLANG_ENABLE_OBJC_ARC = YES;
				CLANG_ENABLE_OBJC_WEAK = YES;
				CLANG_WARN_BLOCK_CAPTURE_AUTORELEASING = YES;
				CLANG_WARN_BOOL_CONVERSION = YES;
				CLANG_WARN_COMMA = YES;
				CLANG_WARN_CONSTANT_CONVERSION = YES;
				CLANG_WARN_DEPRECATED_OBJC_IMPLEMENTATIONS = YES;
				CLANG_WARN_DIRECT_OBJC_ISA_USAGE = YES_ERROR;
				CLANG_WARN_DOCUMENTATION_COMMENTS = YES;
				CLANG_WARN_EMPTY_BODY = YES;
				CLANG_WARN_ENUM_CONVERSION = YES;
				CLANG_WARN_INFINITE_RECURSION = YES;
				CLANG_WARN_INT_CONVERSION = YES;
				CLANG_WARN_NON_LITERAL_NULL_CONVERSION = YES;
				CLANG_WARN_OBJC_IMPLICIT_RETAIN_SELF = YES;
				CLANG_WARN_OBJC_LITERAL_CONVERSION = YES;
				CLANG_WARN_OBJC_ROOT_CLASS = YES_ERROR;
				CLANG_WARN_QUOTED_INCLUDE_IN_FRAMEWORK_HEADER = YES;
				CLANG_WARN_RANGE_LOOP_ANALYSIS = YES;
				CLANG_WARN_STRICT_PROTOTYPES = YES;
				CLANG_WARN_SUSPICIOUS_MOVE = YES;
				CLANG_WARN_UNGUARDED_AVAILABILITY = YES_AGGRESSIVE;
				CLANG_WARN_UNREACHABLE_CODE = YES;
				CLANG_WARN__DUPLICATE_METHOD_MATCH = YES;
				COPY_PHASE_STRIP = NO;
				DEBUG_INFORMATION_FORMAT = dwarf;
				ENABLE_STRICT_OBJC_MSGSEND = YES;
				ENABLE_TESTABILITY = YES;
				GCC_C_LANGUAGE_STANDARD = gnu11;
				GCC_DYNAMIC_NO_PIC = NO;
				GCC_NO_COMMON_BLOCKS = YES;
				GCC_OPTIMIZATION_LEVEL = 0;
				GCC_PREPROCESSOR_DEFINITIONS = (
					"DEBUG=1",
					"$(inherited)",
				);
				GCC_WARN_64_TO_32_BIT_CONVERSION = YES;
				GCC_WARN_ABOUT_RETURN_TYPE = YES_ERROR;
				GCC_WARN_UNDECLARED_SELECTOR = YES;
				GCC_WARN_UNINITIALIZED_AUTOS = YES_AGGRESSIVE;
				GCC_WARN_UNUSED_FUNCTION = YES;
				GCC_WARN_UNUSED_VARIABLE = YES;
				IPHONEOS_DEPLOYMENT_TARGET = 16.1;
				MTL_ENABLE_DEBUG_INFO = INCLUDE_SOURCE;
				MTL_FAST_MATH = YES;
				ONLY_ACTIVE_ARCH = YES;
				SDKROOT = iphoneos;
				SWIFT_ACTIVE_COMPILATION_CONDITIONS = DEBUG;
				SWIFT_OPTIMIZATION_LEVEL = "-Onone";
			};
			name = Debug;
		};
		500DDA582927FB800057FB75 /* Release */ = {
			isa = XCBuildConfiguration;
			buildSettings = {
				ALWAYS_SEARCH_USER_PATHS = NO;
				CLANG_ANALYZER_NONNULL = YES;
				CLANG_ANALYZER_NUMBER_OBJECT_CONVERSION = YES_AGGRESSIVE;
				CLANG_CXX_LANGUAGE_STANDARD = "gnu++20";
				CLANG_ENABLE_MODULES = YES;
				CLANG_ENABLE_OBJC_ARC = YES;
				CLANG_ENABLE_OBJC_WEAK = YES;
				CLANG_WARN_BLOCK_CAPTURE_AUTORELEASING = YES;
				CLANG_WARN_BOOL_CONVERSION = YES;
				CLANG_WARN_COMMA = YES;
				CLANG_WARN_CONSTANT_CONVERSION = YES;
				CLANG_WARN_DEPRECATED_OBJC_IMPLEMENTATIONS = YES;
				CLANG_WARN_DIRECT_OBJC_ISA_USAGE = YES_ERROR;
				CLANG_WARN_DOCUMENTATION_COMMENTS = YES;
				CLANG_WARN_EMPTY_BODY = YES;
				CLANG_WARN_ENUM_CONVERSION = YES;
				CLANG_WARN_INFINITE_RECURSION = YES;
				CLANG_WARN_INT_CONVERSION = YES;
				CLANG_WARN_NON_LITERAL_NULL_CONVERSION = YES;
				CLANG_WARN_OBJC_IMPLICIT_RETAIN_SELF = YES;
				CLANG_WARN_OBJC_LITERAL_CONVERSION = YES;
				CLANG_WARN_OBJC_ROOT_CLASS = YES_ERROR;
				CLANG_WARN_QUOTED_INCLUDE_IN_FRAMEWORK_HEADER = YES;
				CLANG_WARN_RANGE_LOOP_ANALYSIS = YES;
				CLANG_WARN_STRICT_PROTOTYPES = YES;
				CLANG_WARN_SUSPICIOUS_MOVE = YES;
				CLANG_WARN_UNGUARDED_AVAILABILITY = YES_AGGRESSIVE;
				CLANG_WARN_UNREACHABLE_CODE = YES;
				CLANG_WARN__DUPLICATE_METHOD_MATCH = YES;
				COPY_PHASE_STRIP = NO;
				DEBUG_INFORMATION_FORMAT = "dwarf-with-dsym";
				ENABLE_NS_ASSERTIONS = NO;
				ENABLE_STRICT_OBJC_MSGSEND = YES;
				GCC_C_LANGUAGE_STANDARD = gnu11;
				GCC_NO_COMMON_BLOCKS = YES;
				GCC_WARN_64_TO_32_BIT_CONVERSION = YES;
				GCC_WARN_ABOUT_RETURN_TYPE = YES_ERROR;
				GCC_WARN_UNDECLARED_SELECTOR = YES;
				GCC_WARN_UNINITIALIZED_AUTOS = YES_AGGRESSIVE;
				GCC_WARN_UNUSED_FUNCTION = YES;
				GCC_WARN_UNUSED_VARIABLE = YES;
				IPHONEOS_DEPLOYMENT_TARGET = 16.1;
				MTL_ENABLE_DEBUG_INFO = NO;
				MTL_FAST_MATH = YES;
				SDKROOT = iphoneos;
				SWIFT_COMPILATION_MODE = wholemodule;
				SWIFT_OPTIMIZATION_LEVEL = "-O";
				VALIDATE_PRODUCT = YES;
			};
			name = Release;
		};
		500DDA5A2927FB800057FB75 /* Debug */ = {
			isa = XCBuildConfiguration;
			baseConfigurationReference = E0F4AC0387C22358CCE3D1BC /* Pods-Unspash.debug.xcconfig */;
			buildSettings = {
				ASSETCATALOG_COMPILER_APPICON_NAME = AppIcon;
				ASSETCATALOG_COMPILER_GLOBAL_ACCENT_COLOR_NAME = AccentColor;
				CODE_SIGN_STYLE = Automatic;
				CURRENT_PROJECT_VERSION = 1;
				DEVELOPMENT_TEAM = ZF9YFRTD7G;
				GENERATE_INFOPLIST_FILE = YES;
				INFOPLIST_FILE = Unspash/Helpers/Info.plist;
				INFOPLIST_KEY_UIApplicationSupportsIndirectInputEvents = YES;
				INFOPLIST_KEY_UILaunchStoryboardName = LaunchScreen;
				INFOPLIST_KEY_UISupportedInterfaceOrientations_iPad = "UIInterfaceOrientationPortrait UIInterfaceOrientationPortraitUpsideDown UIInterfaceOrientationLandscapeLeft UIInterfaceOrientationLandscapeRight";
				INFOPLIST_KEY_UISupportedInterfaceOrientations_iPhone = "UIInterfaceOrientationPortrait UIInterfaceOrientationLandscapeLeft UIInterfaceOrientationLandscapeRight";
				LD_RUNPATH_SEARCH_PATHS = (
					"$(inherited)",
					"@executable_path/Frameworks",
				);
				MARKETING_VERSION = 1.0;
				PRODUCT_BUNDLE_IDENTIFIER = belashov.Unspash;
				PRODUCT_NAME = "$(TARGET_NAME)";
				SWIFT_EMIT_LOC_STRINGS = YES;
				SWIFT_VERSION = 5.0;
				TARGETED_DEVICE_FAMILY = "1,2";
			};
			name = Debug;
		};
		500DDA5B2927FB800057FB75 /* Release */ = {
			isa = XCBuildConfiguration;
			baseConfigurationReference = 0B99F9BBE1A5606E9E9BAD14 /* Pods-Unspash.release.xcconfig */;
			buildSettings = {
				ASSETCATALOG_COMPILER_APPICON_NAME = AppIcon;
				ASSETCATALOG_COMPILER_GLOBAL_ACCENT_COLOR_NAME = AccentColor;
				CODE_SIGN_STYLE = Automatic;
				CURRENT_PROJECT_VERSION = 1;
				DEVELOPMENT_TEAM = ZF9YFRTD7G;
				GENERATE_INFOPLIST_FILE = YES;
				INFOPLIST_FILE = Unspash/Helpers/Info.plist;
				INFOPLIST_KEY_UIApplicationSupportsIndirectInputEvents = YES;
				INFOPLIST_KEY_UILaunchStoryboardName = LaunchScreen;
				INFOPLIST_KEY_UISupportedInterfaceOrientations_iPad = "UIInterfaceOrientationPortrait UIInterfaceOrientationPortraitUpsideDown UIInterfaceOrientationLandscapeLeft UIInterfaceOrientationLandscapeRight";
				INFOPLIST_KEY_UISupportedInterfaceOrientations_iPhone = "UIInterfaceOrientationPortrait UIInterfaceOrientationLandscapeLeft UIInterfaceOrientationLandscapeRight";
				LD_RUNPATH_SEARCH_PATHS = (
					"$(inherited)",
					"@executable_path/Frameworks",
				);
				MARKETING_VERSION = 1.0;
				PRODUCT_BUNDLE_IDENTIFIER = belashov.Unspash;
				PRODUCT_NAME = "$(TARGET_NAME)";
				SWIFT_EMIT_LOC_STRINGS = YES;
				SWIFT_VERSION = 5.0;
				TARGETED_DEVICE_FAMILY = "1,2";
			};
			name = Release;
		};
/* End XCBuildConfiguration section */

/* Begin XCConfigurationList section */
		500DDA402927FB7E0057FB75 /* Build configuration list for PBXProject "Unspash" */ = {
			isa = XCConfigurationList;
			buildConfigurations = (
				500DDA572927FB800057FB75 /* Debug */,
				500DDA582927FB800057FB75 /* Release */,
			);
			defaultConfigurationIsVisible = 0;
			defaultConfigurationName = Release;
		};
		500DDA592927FB800057FB75 /* Build configuration list for PBXNativeTarget "Unspash" */ = {
			isa = XCConfigurationList;
			buildConfigurations = (
				500DDA5A2927FB800057FB75 /* Debug */,
				500DDA5B2927FB800057FB75 /* Release */,
			);
			defaultConfigurationIsVisible = 0;
			defaultConfigurationName = Release;
		};
/* End XCConfigurationList section */

/* Begin XCRemoteSwiftPackageReference section */
		50A165DB292968E000AC5AD4 /* XCRemoteSwiftPackageReference "firebase-ios-sdk" */ = {
			isa = XCRemoteSwiftPackageReference;
			repositoryURL = "https://github.com/firebase/firebase-ios-sdk";
			requirement = {
				kind = upToNextMajorVersion;
				minimumVersion = 9.0.0;
			};
		};
/* End XCRemoteSwiftPackageReference section */

/* Begin XCSwiftPackageProductDependency section */
		50A165DC292968E000AC5AD4 /* FirebaseAnalytics */ = {
			isa = XCSwiftPackageProductDependency;
			package = 50A165DB292968E000AC5AD4 /* XCRemoteSwiftPackageReference "firebase-ios-sdk" */;
			productName = FirebaseAnalytics;
		};
		50A165DE292968E000AC5AD4 /* FirebaseAnalyticsSwift */ = {
			isa = XCSwiftPackageProductDependency;
			package = 50A165DB292968E000AC5AD4 /* XCRemoteSwiftPackageReference "firebase-ios-sdk" */;
			productName = FirebaseAnalyticsSwift;
		};
		50A165E0292968E000AC5AD4 /* FirebaseAuth */ = {
			isa = XCSwiftPackageProductDependency;
			package = 50A165DB292968E000AC5AD4 /* XCRemoteSwiftPackageReference "firebase-ios-sdk" */;
			productName = FirebaseAuth;
		};
		50A165E2292968E000AC5AD4 /* FirebaseDatabase */ = {
			isa = XCSwiftPackageProductDependency;
			package = 50A165DB292968E000AC5AD4 /* XCRemoteSwiftPackageReference "firebase-ios-sdk" */;
			productName = FirebaseDatabase;
		};
		50A165E4292968E000AC5AD4 /* FirebaseDatabaseSwift */ = {
			isa = XCSwiftPackageProductDependency;
			package = 50A165DB292968E000AC5AD4 /* XCRemoteSwiftPackageReference "firebase-ios-sdk" */;
			productName = FirebaseDatabaseSwift;
		};
		50A165E6292968E000AC5AD4 /* FirebaseFirestore */ = {
			isa = XCSwiftPackageProductDependency;
			package = 50A165DB292968E000AC5AD4 /* XCRemoteSwiftPackageReference "firebase-ios-sdk" */;
			productName = FirebaseFirestore;
		};
		50A165E8292968E000AC5AD4 /* FirebaseFirestoreSwift */ = {
			isa = XCSwiftPackageProductDependency;
			package = 50A165DB292968E000AC5AD4 /* XCRemoteSwiftPackageReference "firebase-ios-sdk" */;
			productName = FirebaseFirestoreSwift;
		};
		50A165EA292968E000AC5AD4 /* FirebaseRemoteConfig */ = {
			isa = XCSwiftPackageProductDependency;
			package = 50A165DB292968E000AC5AD4 /* XCRemoteSwiftPackageReference "firebase-ios-sdk" */;
			productName = FirebaseRemoteConfig;
		};
		50A165EC292968E000AC5AD4 /* FirebaseStorage */ = {
			isa = XCSwiftPackageProductDependency;
			package = 50A165DB292968E000AC5AD4 /* XCRemoteSwiftPackageReference "firebase-ios-sdk" */;
			productName = FirebaseStorage;
		};
/* End XCSwiftPackageProductDependency section */
	};
	rootObject = 500DDA3D2927FB7E0057FB75 /* Project object */;
}
